<?xml version="1.0" encoding="UTF-8" standalone="yes" ?>
<CodeBlocks_project_file>
	<FileVersion major="1" minor="6" />
	<Project>
		<Option title="cklib" />
		<Option pch_mode="2" />
		<Option compiler="gcc" />
		<Build>
			<Target title="Debug">
				<Option output="bin\Debug\cklib" prefix_auto="1" extension_auto="1" />
				<Option working_dir="" />
				<Option object_output="obj\Debug\" />
				<Option type="2" />
				<Option compiler="gcc" />
				<Option createDefFile="1" />
				<Compiler>
					<Add option="-Wall" />
					<Add option="-g" />
				</Compiler>
			</Target>
			<Target title="Release">
				<Option output="bin\Release\cklib" prefix_auto="1" extension_auto="1" />
				<Option working_dir="" />
				<Option object_output="obj\Release\" />
				<Option type="2" />
				<Option compiler="gcc" />
				<Option createDefFile="1" />
				<Compiler>
					<Add option="-Wall" />
					<Add option="-O2" />
				</Compiler>
				<Linker>
					<Add option="-s" />
				</Linker>
			</Target>
		</Build>
		<Unit filename="Color.cpp" />
		<Unit filename="Color.h" />
		<Unit filename="CursesBuffer.cpp" />
		<Unit filename="CursesBuffer.h" />
		<Unit filename="KiNET.h" />
		<Unit filename="LBuffer.cpp" />
		<Unit filename="LBuffer.h" />
		<Unit filename="LFilter.cpp" />
		<Unit filename="LFilter.h" />
		<Unit filename="LFramework.cpp" />
		<Unit filename="LFramework.h" />
		<Unit filename="LSparkle.cpp" />
		<Unit filename="LSparkle.h" />
		<Unit filename="Lobj.cpp" />
		<Unit filename="Lobj.h" />
		<Unit filename="StripBuffer.cpp" />
		<Unit filename="StripBuffer.h" />
		<Unit filename="cklib.cpp" />
		<Unit filename="cklib.h" />
		<Unit filename="utils.cpp" />
		<Unit filename="utils.h" />
		<Unit filename="utilsFile.cpp" />
		<Unit filename="utilsFile.h" />
		<Unit filename="utilsIP.cpp" />
		<Unit filename="utilsIP.h" />
		<Unit filename="utilsOptions.cpp" />
		<Unit filename="utilsOptions.h" />
		<Unit filename="utilsPrecomp.h" />
		<Unit filename="utilsRandom.cpp" />
		<Unit filename="utilsRandom.h" />
		<Unit filename="utilsSocket.cpp" />
		<Unit filename="utilsSocket.h" />
		<Unit filename="utilsTime.cpp" />
		<Unit filename="utilsTime.h" />
		<Extensions>
			<DoxyBlocks>
				<comment_style block="0" line="0" />
				<doxyfile_project />
				<doxyfile_build />
				<doxyfile_warnings />
				<doxyfile_output />
				<doxyfile_dot />
				<general />
			</DoxyBlocks>
			<code_completion />
			<envvars />
			<debugger />
			<lib_finder disable_auto="1" />
		</Extensions>
	</Project>
</CodeBlocks_project_file>
